// !$*UTF8*$!
{
	archiveVersion = 1;
	classes = {
	};
	objectVersion = 51;
	objects = {

/* Begin PBXBuildFile section */
		3A07CD8F26A3BB9700006718 /* TimerRing.swift in Sources */ = {isa = PBXBuildFile; fileRef = 3A07CD8E26A3BB9700006718 /* TimerRing.swift */; };
		3A12A0802670536200B22B01 /* GoogleService-Info.plist in Resources */ = {isa = PBXBuildFile; fileRef = 3A12A07F2670536200B22B01 /* GoogleService-Info.plist */; };
		3A12A082267053A000B22B01 /* Podfile in Resources */ = {isa = PBXBuildFile; fileRef = 3A12A081267053A000B22B01 /* Podfile */; };
		3A1F8BC82679849D0046B9D5 /* Colors.xcassets in Resources */ = {isa = PBXBuildFile; fileRef = 3A1F8BC72679849D0046B9D5 /* Colors.xcassets */; };
		3A7B00B82666CF53000C9F7F /* UIView+Extension.swift in Sources */ = {isa = PBXBuildFile; fileRef = 3A7B00B72666CF53000C9F7F /* UIView+Extension.swift */; };
		3A7B00BA2666EB4B000C9F7F /* ExerciseCell.swift in Sources */ = {isa = PBXBuildFile; fileRef = 3A7B00B92666EB4B000C9F7F /* ExerciseCell.swift */; };
		3A7B00BD2667D5A9000C9F7F /* ExerciseState.swift in Sources */ = {isa = PBXBuildFile; fileRef = 3A7B00BC2667D5A9000C9F7F /* ExerciseState.swift */; };
		3AAC97D8269D2C3B00B4776F /* ActionButton.swift in Sources */ = {isa = PBXBuildFile; fileRef = 3AAC97D7269D2C3B00B4776F /* ActionButton.swift */; };
		3AB96F7D2695035F005B6BCF /* ExerciseView.swift in Sources */ = {isa = PBXBuildFile; fileRef = 3AB96F7C2695035F005B6BCF /* ExerciseView.swift */; };
		3AB96F8126951310005B6BCF /* Assets.swift in Sources */ = {isa = PBXBuildFile; fileRef = 3AB96F8026951310005B6BCF /* Assets.swift */; };
		3ABB86882666C80200311389 /* AppDelegate.swift in Sources */ = {isa = PBXBuildFile; fileRef = 3ABB86872666C80200311389 /* AppDelegate.swift */; };
		3ABB868A2666C80200311389 /* SceneDelegate.swift in Sources */ = {isa = PBXBuildFile; fileRef = 3ABB86892666C80200311389 /* SceneDelegate.swift */; };
		3ABB868C2666C80200311389 /* ViewController.swift in Sources */ = {isa = PBXBuildFile; fileRef = 3ABB868B2666C80200311389 /* ViewController.swift */; };
		3ABB86912666C80300311389 /* Images.xcassets in Resources */ = {isa = PBXBuildFile; fileRef = 3ABB86902666C80300311389 /* Images.xcassets */; };
		3ABB86942666C80300311389 /* LaunchScreen.storyboard in Resources */ = {isa = PBXBuildFile; fileRef = 3ABB86922666C80300311389 /* LaunchScreen.storyboard */; };
		3ACCA262266AF11B005DB59C /* swiftgen.yml in Resources */ = {isa = PBXBuildFile; fileRef = 3ACCA261266AF11B005DB59C /* swiftgen.yml */; };
		3ACCA264266AFA04005DB59C /* Strings.swift in Sources */ = {isa = PBXBuildFile; fileRef = 3ACCA263266AFA04005DB59C /* Strings.swift */; };
		3ACCA267266AFB19005DB59C /* Localizable.strings in Resources */ = {isa = PBXBuildFile; fileRef = 3ACCA265266AFB19005DB59C /* Localizable.strings */; };
		3AD5719A266C095B00FAA9DA /* Exercise.swift in Sources */ = {isa = PBXBuildFile; fileRef = 3AD57199266C095B00FAA9DA /* Exercise.swift */; };
		3AD5719D266C0BD200FAA9DA /* WorkoutService.swift in Sources */ = {isa = PBXBuildFile; fileRef = 3AD5719C266C0BD200FAA9DA /* WorkoutService.swift */; };
		E22FB60B652F2126A4B33A5E /* Pods_workout30.framework in Frameworks */ = {isa = PBXBuildFile; fileRef = 93BFA55BC5CA82133CA0E150 /* Pods_workout30.framework */; };
/* End PBXBuildFile section */

/* Begin PBXFileReference section */
		3A07CD8E26A3BB9700006718 /* TimerRing.swift */ = {isa = PBXFileReference; lastKnownFileType = sourcecode.swift; path = TimerRing.swift; sourceTree = "<group>"; };
		3A12A07F2670536200B22B01 /* GoogleService-Info.plist */ = {isa = PBXFileReference; fileEncoding = 4; lastKnownFileType = text.plist.xml; path = "GoogleService-Info.plist"; sourceTree = "<group>"; };
		3A12A081267053A000B22B01 /* Podfile */ = {isa = PBXFileReference; fileEncoding = 4; lastKnownFileType = text; path = Podfile; sourceTree = "<group>"; };
		3A1F8BC72679849D0046B9D5 /* Colors.xcassets */ = {isa = PBXFileReference; lastKnownFileType = folder.assetcatalog; path = Colors.xcassets; sourceTree = "<group>"; };
		3A7B00B72666CF53000C9F7F /* UIView+Extension.swift */ = {isa = PBXFileReference; lastKnownFileType = sourcecode.swift; path = "UIView+Extension.swift"; sourceTree = "<group>"; };
		3A7B00B92666EB4B000C9F7F /* ExerciseCell.swift */ = {isa = PBXFileReference; lastKnownFileType = sourcecode.swift; path = ExerciseCell.swift; sourceTree = "<group>"; };
		3A7B00BC2667D5A9000C9F7F /* ExerciseState.swift */ = {isa = PBXFileReference; lastKnownFileType = sourcecode.swift; path = ExerciseState.swift; sourceTree = "<group>"; };
		3AAC97D7269D2C3B00B4776F /* ActionButton.swift */ = {isa = PBXFileReference; lastKnownFileType = sourcecode.swift; path = ActionButton.swift; sourceTree = "<group>"; };
		3AB96F7C2695035F005B6BCF /* ExerciseView.swift */ = {isa = PBXFileReference; lastKnownFileType = sourcecode.swift; path = ExerciseView.swift; sourceTree = "<group>"; };
		3AB96F8026951310005B6BCF /* Assets.swift */ = {isa = PBXFileReference; fileEncoding = 4; lastKnownFileType = sourcecode.swift; path = Assets.swift; sourceTree = "<group>"; };
		3ABB86842666C80200311389 /* workout30.app */ = {isa = PBXFileReference; explicitFileType = wrapper.application; includeInIndex = 0; path = workout30.app; sourceTree = BUILT_PRODUCTS_DIR; };
		3ABB86872666C80200311389 /* AppDelegate.swift */ = {isa = PBXFileReference; lastKnownFileType = sourcecode.swift; path = AppDelegate.swift; sourceTree = "<group>"; };
		3ABB86892666C80200311389 /* SceneDelegate.swift */ = {isa = PBXFileReference; lastKnownFileType = sourcecode.swift; path = SceneDelegate.swift; sourceTree = "<group>"; };
		3ABB868B2666C80200311389 /* ViewController.swift */ = {isa = PBXFileReference; lastKnownFileType = sourcecode.swift; path = ViewController.swift; sourceTree = "<group>"; };
		3ABB86902666C80300311389 /* Images.xcassets */ = {isa = PBXFileReference; lastKnownFileType = folder.assetcatalog; path = Images.xcassets; sourceTree = "<group>"; };
		3ABB86932666C80300311389 /* Base */ = {isa = PBXFileReference; lastKnownFileType = file.storyboard; name = Base; path = Base.lproj/LaunchScreen.storyboard; sourceTree = "<group>"; };
		3ABB86952666C80300311389 /* Info.plist */ = {isa = PBXFileReference; lastKnownFileType = text.plist.xml; path = Info.plist; sourceTree = "<group>"; };
		3ACCA261266AF11B005DB59C /* swiftgen.yml */ = {isa = PBXFileReference; fileEncoding = 4; lastKnownFileType = text.yaml; path = swiftgen.yml; sourceTree = "<group>"; };
		3ACCA263266AFA04005DB59C /* Strings.swift */ = {isa = PBXFileReference; fileEncoding = 4; lastKnownFileType = sourcecode.swift; path = Strings.swift; sourceTree = "<group>"; };
		3ACCA266266AFB19005DB59C /* en */ = {isa = PBXFileReference; lastKnownFileType = text.plist.strings; name = en; path = en.lproj/Localizable.strings; sourceTree = "<group>"; };
		3AD57199266C095B00FAA9DA /* Exercise.swift */ = {isa = PBXFileReference; lastKnownFileType = sourcecode.swift; path = Exercise.swift; sourceTree = "<group>"; };
		3AD5719C266C0BD200FAA9DA /* WorkoutService.swift */ = {isa = PBXFileReference; lastKnownFileType = sourcecode.swift; path = WorkoutService.swift; sourceTree = "<group>"; };
		6412714615DAF6083FE22844 /* Pods-workout30.release.xcconfig */ = {isa = PBXFileReference; includeInIndex = 1; lastKnownFileType = text.xcconfig; name = "Pods-workout30.release.xcconfig"; path = "Target Support Files/Pods-workout30/Pods-workout30.release.xcconfig"; sourceTree = "<group>"; };
		93BFA55BC5CA82133CA0E150 /* Pods_workout30.framework */ = {isa = PBXFileReference; explicitFileType = wrapper.framework; includeInIndex = 0; path = Pods_workout30.framework; sourceTree = BUILT_PRODUCTS_DIR; };
		9E79E13B20D19D1784DA32A5 /* Pods-workout30.debug.xcconfig */ = {isa = PBXFileReference; includeInIndex = 1; lastKnownFileType = text.xcconfig; name = "Pods-workout30.debug.xcconfig"; path = "Target Support Files/Pods-workout30/Pods-workout30.debug.xcconfig"; sourceTree = "<group>"; };
/* End PBXFileReference section */

/* Begin PBXFrameworksBuildPhase section */
		3ABB86812666C80200311389 /* Frameworks */ = {
			isa = PBXFrameworksBuildPhase;
			buildActionMask = 2147483647;
			files = (
				E22FB60B652F2126A4B33A5E /* Pods_workout30.framework in Frameworks */,
			);
			runOnlyForDeploymentPostprocessing = 0;
		};
/* End PBXFrameworksBuildPhase section */

/* Begin PBXGroup section */
		3A7B00B52666CF29000C9F7F /* View */ = {
			isa = PBXGroup;
			children = (
				3A7B00B62666CF3A000C9F7F /* Extensions */,
				3A7B00B92666EB4B000C9F7F /* ExerciseCell.swift */,
				3AB96F7C2695035F005B6BCF /* ExerciseView.swift */,
				3AAC97D7269D2C3B00B4776F /* ActionButton.swift */,
				3A07CD8E26A3BB9700006718 /* TimerRing.swift */,
			);
			path = View;
			sourceTree = "<group>";
		};
		3A7B00B62666CF3A000C9F7F /* Extensions */ = {
			isa = PBXGroup;
			children = (
				3A7B00B72666CF53000C9F7F /* UIView+Extension.swift */,
			);
			path = Extensions;
			sourceTree = "<group>";
		};
		3A7B00BB2667D599000C9F7F /* Model */ = {
			isa = PBXGroup;
			children = (
				3A7B00BC2667D5A9000C9F7F /* ExerciseState.swift */,
				3AD57199266C095B00FAA9DA /* Exercise.swift */,
			);
			path = Model;
			sourceTree = "<group>";
		};
		3ABB867B2666C80200311389 = {
			isa = PBXGroup;
			children = (
				3A12A081267053A000B22B01 /* Podfile */,
				3ACCA261266AF11B005DB59C /* swiftgen.yml */,
				3ABB86862666C80200311389 /* workout30 */,
				3ABB86852666C80200311389 /* Products */,
				A95654EE2049D13D6B22B38B /* Pods */,
				B5C0E7E6DC3B9B65E94222BC /* Frameworks */,
			);
			sourceTree = "<group>";
		};
		3ABB86852666C80200311389 /* Products */ = {
			isa = PBXGroup;
			children = (
				3ABB86842666C80200311389 /* workout30.app */,
			);
			name = Products;
			sourceTree = "<group>";
		};
		3ABB86862666C80200311389 /* workout30 */ = {
			isa = PBXGroup;
			children = (
				3AD5719B266C0BBA00FAA9DA /* Data */,
				3ACCA268266AFBEF005DB59C /* Resources */,
				3A7B00BB2667D599000C9F7F /* Model */,
				3A7B00B52666CF29000C9F7F /* View */,
				3ABB86872666C80200311389 /* AppDelegate.swift */,
				3ABB86892666C80200311389 /* SceneDelegate.swift */,
				3ABB868B2666C80200311389 /* ViewController.swift */,
				3ABB86922666C80300311389 /* LaunchScreen.storyboard */,
				3ABB86952666C80300311389 /* Info.plist */,
				3A12A07F2670536200B22B01 /* GoogleService-Info.plist */,
			);
			path = workout30;
			sourceTree = "<group>";
		};
		3ACCA268266AFBEF005DB59C /* Resources */ = {
			isa = PBXGroup;
			children = (
				3AB96F8026951310005B6BCF /* Assets.swift */,
				3ACCA265266AFB19005DB59C /* Localizable.strings */,
				3ACCA263266AFA04005DB59C /* Strings.swift */,
				3ABB86902666C80300311389 /* Images.xcassets */,
				3A1F8BC72679849D0046B9D5 /* Colors.xcassets */,
			);
			path = Resources;
			sourceTree = "<group>";
		};
		3AD5719B266C0BBA00FAA9DA /* Data */ = {
			isa = PBXGroup;
			children = (
				3AD5719C266C0BD200FAA9DA /* WorkoutService.swift */,
			);
			path = Data;
			sourceTree = "<group>";
		};
		A95654EE2049D13D6B22B38B /* Pods */ = {
			isa = PBXGroup;
			children = (
				9E79E13B20D19D1784DA32A5 /* Pods-workout30.debug.xcconfig */,
				6412714615DAF6083FE22844 /* Pods-workout30.release.xcconfig */,
			);
			path = Pods;
			sourceTree = "<group>";
		};
		B5C0E7E6DC3B9B65E94222BC /* Frameworks */ = {
			isa = PBXGroup;
			children = (
				93BFA55BC5CA82133CA0E150 /* Pods_workout30.framework */,
			);
			name = Frameworks;
			sourceTree = "<group>";
		};
/* End PBXGroup section */

/* Begin PBXNativeTarget section */
		3ABB86832666C80200311389 /* workout30 */ = {
			isa = PBXNativeTarget;
			buildConfigurationList = 3ABB86982666C80300311389 /* Build configuration list for PBXNativeTarget "workout30" */;
			buildPhases = (
				D504E76776E337865DF09BAB /* [CP] Check Pods Manifest.lock */,
				3ACCA260266AEF94005DB59C /* SwiftGen */,
				3ABB86802666C80200311389 /* Sources */,
				3ABB86812666C80200311389 /* Frameworks */,
				3ABB86822666C80200311389 /* Resources */,
				895B3DF726ADAB0C0929C05F /* [CP] Embed Pods Frameworks */,
			);
			buildRules = (
			);
			dependencies = (
			);
			name = workout30;
			productName = workout30;
			productReference = 3ABB86842666C80200311389 /* workout30.app */;
			productType = "com.apple.product-type.application";
		};
/* End PBXNativeTarget section */

/* Begin PBXProject section */
		3ABB867C2666C80200311389 /* Project object */ = {
			isa = PBXProject;
			attributes = {
				LastSwiftUpdateCheck = 1250;
				LastUpgradeCheck = 1250;
				TargetAttributes = {
					3ABB86832666C80200311389 = {
						CreatedOnToolsVersion = 12.5;
					};
				};
			};
			buildConfigurationList = 3ABB867F2666C80200311389 /* Build configuration list for PBXProject "workout30" */;
			compatibilityVersion = "Xcode 9.3";
			developmentRegion = en;
			hasScannedForEncodings = 0;
			knownRegions = (
				en,
				Base,
			);
			mainGroup = 3ABB867B2666C80200311389;
			productRefGroup = 3ABB86852666C80200311389 /* Products */;
			projectDirPath = "";
			projectRoot = "";
			targets = (
				3ABB86832666C80200311389 /* workout30 */,
			);
		};
/* End PBXProject section */

/* Begin PBXResourcesBuildPhase section */
		3ABB86822666C80200311389 /* Resources */ = {
			isa = PBXResourcesBuildPhase;
			buildActionMask = 2147483647;
			files = (
				3A12A082267053A000B22B01 /* Podfile in Resources */,
				3ABB86942666C80300311389 /* LaunchScreen.storyboard in Resources */,
				3ACCA267266AFB19005DB59C /* Localizable.strings in Resources */,
				3A12A0802670536200B22B01 /* GoogleService-Info.plist in Resources */,
				3ABB86912666C80300311389 /* Images.xcassets in Resources */,
				3ACCA262266AF11B005DB59C /* swiftgen.yml in Resources */,
				3A1F8BC82679849D0046B9D5 /* Colors.xcassets in Resources */,
			);
			runOnlyForDeploymentPostprocessing = 0;
		};
/* End PBXResourcesBuildPhase section */

/* Begin PBXShellScriptBuildPhase section */
		3ACCA260266AEF94005DB59C /* SwiftGen */ = {
			isa = PBXShellScriptBuildPhase;
			buildActionMask = 2147483647;
			files = (
			);
			inputFileListPaths = (
			);
			inputPaths = (
			);
			name = SwiftGen;
			outputFileListPaths = (
			);
			outputPaths = (
			);
			runOnlyForDeploymentPostprocessing = 0;
			shellPath = /bin/sh;
			shellScript = "if [[ -f \"${PODS_ROOT}/SwiftGen/bin/swiftgen\" ]]; then\n  \"${PODS_ROOT}/SwiftGen/bin/swiftgen\"\nelse\n  echo \"warning: SwiftGen is not installed. Run 'pod install --repo-update' to install it.\"\nfi\n";
		};
		895B3DF726ADAB0C0929C05F /* [CP] Embed Pods Frameworks */ = {
			isa = PBXShellScriptBuildPhase;
			buildActionMask = 2147483647;
			files = (
			);
			inputFileListPaths = (
				"${PODS_ROOT}/Target Support Files/Pods-workout30/Pods-workout30-frameworks-${CONFIGURATION}-input-files.xcfilelist",
			);
			name = "[CP] Embed Pods Frameworks";
			outputFileListPaths = (
				"${PODS_ROOT}/Target Support Files/Pods-workout30/Pods-workout30-frameworks-${CONFIGURATION}-output-files.xcfilelist",
			);
			runOnlyForDeploymentPostprocessing = 0;
			shellPath = /bin/sh;
			shellScript = "\"${PODS_ROOT}/Target Support Files/Pods-workout30/Pods-workout30-frameworks.sh\"\n";
			showEnvVarsInLog = 0;
		};
		D504E76776E337865DF09BAB /* [CP] Check Pods Manifest.lock */ = {
			isa = PBXShellScriptBuildPhase;
			buildActionMask = 2147483647;
			files = (
			);
			inputFileListPaths = (
			);
			inputPaths = (
				"${PODS_PODFILE_DIR_PATH}/Podfile.lock",
				"${PODS_ROOT}/Manifest.lock",
			);
			name = "[CP] Check Pods Manifest.lock";
			outputFileListPaths = (
			);
			outputPaths = (
				"$(DERIVED_FILE_DIR)/Pods-workout30-checkManifestLockResult.txt",
			);
			runOnlyForDeploymentPostprocessing = 0;
			shellPath = /bin/sh;
			shellScript = "diff \"${PODS_PODFILE_DIR_PATH}/Podfile.lock\" \"${PODS_ROOT}/Manifest.lock\" > /dev/null\nif [ $? != 0 ] ; then\n    # print error to STDERR\n    echo \"error: The sandbox is not in sync with the Podfile.lock. Run 'pod install' or update your CocoaPods installation.\" >&2\n    exit 1\nfi\n# This output is used by Xcode 'outputs' to avoid re-running this script phase.\necho \"SUCCESS\" > \"${SCRIPT_OUTPUT_FILE_0}\"\n";
			showEnvVarsInLog = 0;
		};
/* End PBXShellScriptBuildPhase section */

/* Begin PBXSourcesBuildPhase section */
		3ABB86802666C80200311389 /* Sources */ = {
			isa = PBXSourcesBuildPhase;
			buildActionMask = 2147483647;
			files = (
				3ABB868C2666C80200311389 /* ViewController.swift in Sources */,
				3AB96F8126951310005B6BCF /* Assets.swift in Sources */,
				3AD5719D266C0BD200FAA9DA /* WorkoutService.swift in Sources */,
				3AD5719A266C095B00FAA9DA /* Exercise.swift in Sources */,
				3A7B00BD2667D5A9000C9F7F /* ExerciseState.swift in Sources */,
				3ABB86882666C80200311389 /* AppDelegate.swift in Sources */,
				3A7B00B82666CF53000C9F7F /* UIView+Extension.swift in Sources */,
				3AAC97D8269D2C3B00B4776F /* ActionButton.swift in Sources */,
				3AB96F7D2695035F005B6BCF /* ExerciseView.swift in Sources */,
				3A07CD8F26A3BB9700006718 /* TimerRing.swift in Sources */,
				3A7B00BA2666EB4B000C9F7F /* ExerciseCell.swift in Sources */,
				3ABB868A2666C80200311389 /* SceneDelegate.swift in Sources */,
				3ACCA264266AFA04005DB59C /* Strings.swift in Sources */,
			);
			runOnlyForDeploymentPostprocessing = 0;
		};
/* End PBXSourcesBuildPhase section */

/* Begin PBXVariantGroup section */
		3ABB86922666C80300311389 /* LaunchScreen.storyboard */ = {
			isa = PBXVariantGroup;
			children = (
				3ABB86932666C80300311389 /* Base */,
			);
			name = LaunchScreen.storyboard;
			sourceTree = "<group>";
		};
		3ACCA265266AFB19005DB59C /* Localizable.strings */ = {
			isa = PBXVariantGroup;
			children = (
				3ACCA266266AFB19005DB59C /* en */,
			);
			name = Localizable.strings;
			sourceTree = "<group>";
		};
/* End PBXVariantGroup section */

/* Begin XCBuildConfiguration section */
		3ABB86962666C80300311389 /* Debug */ = {
			isa = XCBuildConfiguration;
			buildSettings = {
				ALWAYS_SEARCH_USER_PATHS = NO;
				CLANG_ANALYZER_NONNULL = YES;
				CLANG_ANALYZER_NUMBER_OBJECT_CONVERSION = YES_AGGRESSIVE;
				CLANG_CXX_LANGUAGE_STANDARD = "gnu++14";
				CLANG_CXX_LIBRARY = "libc++";
				CLANG_ENABLE_MODULES = YES;
				CLANG_ENABLE_OBJC_ARC = YES;
				CLANG_ENABLE_OBJC_WEAK = YES;
				CLANG_WARN_BLOCK_CAPTURE_AUTORELEASING = YES;
				CLANG_WARN_BOOL_CONVERSION = YES;
				CLANG_WARN_COMMA = YES;
				CLANG_WARN_CONSTANT_CONVERSION = YES;
				CLANG_WARN_DEPRECATED_OBJC_IMPLEMENTATIONS = YES;
				CLANG_WARN_DIRECT_OBJC_ISA_USAGE = YES_ERROR;
				CLANG_WARN_DOCUMENTATION_COMMENTS = YES;
				CLANG_WARN_EMPTY_BODY = YES;
				CLANG_WARN_ENUM_CONVERSION = YES;
				CLANG_WARN_INFINITE_RECURSION = YES;
				CLANG_WARN_INT_CONVERSION = YES;
				CLANG_WARN_NON_LITERAL_NULL_CONVERSION = YES;
				CLANG_WARN_OBJC_IMPLICIT_RETAIN_SELF = YES;
				CLANG_WARN_OBJC_LITERAL_CONVERSION = YES;
				CLANG_WARN_OBJC_ROOT_CLASS = YES_ERROR;
				CLANG_WARN_QUOTED_INCLUDE_IN_FRAMEWORK_HEADER = YES;
				CLANG_WARN_RANGE_LOOP_ANALYSIS = YES;
				CLANG_WARN_STRICT_PROTOTYPES = YES;
				CLANG_WARN_SUSPICIOUS_MOVE = YES;
				CLANG_WARN_UNGUARDED_AVAILABILITY = YES_AGGRESSIVE;
				CLANG_WARN_UNREACHABLE_CODE = YES;
				CLANG_WARN__DUPLICATE_METHOD_MATCH = YES;
				COPY_PHASE_STRIP = NO;
				DEBUG_INFORMATION_FORMAT = dwarf;
				ENABLE_STRICT_OBJC_MSGSEND = YES;
				ENABLE_TESTABILITY = YES;
				GCC_C_LANGUAGE_STANDARD = gnu11;
				GCC_DYNAMIC_NO_PIC = NO;
				GCC_NO_COMMON_BLOCKS = YES;
				GCC_OPTIMIZATION_LEVEL = 0;
				GCC_PREPROCESSOR_DEFINITIONS = (
					"DEBUG=1",
					"$(inherited)",
				);
				GCC_WARN_64_TO_32_BIT_CONVERSION = YES;
				GCC_WARN_ABOUT_RETURN_TYPE = YES_ERROR;
				GCC_WARN_UNDECLARED_SELECTOR = YES;
				GCC_WARN_UNINITIALIZED_AUTOS = YES_AGGRESSIVE;
				GCC_WARN_UNUSED_FUNCTION = YES;
				GCC_WARN_UNUSED_VARIABLE = YES;
				IPHONEOS_DEPLOYMENT_TARGET = 13.0;
				MTL_ENABLE_DEBUG_INFO = INCLUDE_SOURCE;
				MTL_FAST_MATH = YES;
				ONLY_ACTIVE_ARCH = YES;
				SDKROOT = iphoneos;
				SWIFT_ACTIVE_COMPILATION_CONDITIONS = DEBUG;
				SWIFT_OPTIMIZATION_LEVEL = "-Onone";
			};
			name = Debug;
		};
		3ABB86972666C80300311389 /* Release */ = {
			isa = XCBuildConfiguration;
			buildSettings = {
				ALWAYS_SEARCH_USER_PATHS = NO;
				CLANG_ANALYZER_NONNULL = YES;
				CLANG_ANALYZER_NUMBER_OBJECT_CONVERSION = YES_AGGRESSIVE;
				CLANG_CXX_LANGUAGE_STANDARD = "gnu++14";
				CLANG_CXX_LIBRARY = "libc++";
				CLANG_ENABLE_MODULES = YES;
				CLANG_ENABLE_OBJC_ARC = YES;
				CLANG_ENABLE_OBJC_WEAK = YES;
				CLANG_WARN_BLOCK_CAPTURE_AUTORELEASING = YES;
				CLANG_WARN_BOOL_CONVERSION = YES;
				CLANG_WARN_COMMA = YES;
				CLANG_WARN_CONSTANT_CONVERSION = YES;
				CLANG_WARN_DEPRECATED_OBJC_IMPLEMENTATIONS = YES;
				CLANG_WARN_DIRECT_OBJC_ISA_USAGE = YES_ERROR;
				CLANG_WARN_DOCUMENTATION_COMMENTS = YES;
				CLANG_WARN_EMPTY_BODY = YES;
				CLANG_WARN_ENUM_CONVERSION = YES;
				CLANG_WARN_INFINITE_RECURSION = YES;
				CLANG_WARN_INT_CONVERSION = YES;
				CLANG_WARN_NON_LITERAL_NULL_CONVERSION = YES;
				CLANG_WARN_OBJC_IMPLICIT_RETAIN_SELF = YES;
				CLANG_WARN_OBJC_LITERAL_CONVERSION = YES;
				CLANG_WARN_OBJC_ROOT_CLASS = YES_ERROR;
				CLANG_WARN_QUOTED_INCLUDE_IN_FRAMEWORK_HEADER = YES;
				CLANG_WARN_RANGE_LOOP_ANALYSIS = YES;
				CLANG_WARN_STRICT_PROTOTYPES = YES;
				CLANG_WARN_SUSPICIOUS_MOVE = YES;
				CLANG_WARN_UNGUARDED_AVAILABILITY = YES_AGGRESSIVE;
				CLANG_WARN_UNREACHABLE_CODE = YES;
				CLANG_WARN__DUPLICATE_METHOD_MATCH = YES;
				COPY_PHASE_STRIP = NO;
				DEBUG_INFORMATION_FORMAT = "dwarf-with-dsym";
				ENABLE_NS_ASSERTIONS = NO;
				ENABLE_STRICT_OBJC_MSGSEND = YES;
				GCC_C_LANGUAGE_STANDARD = gnu11;
				GCC_NO_COMMON_BLOCKS = YES;
				GCC_WARN_64_TO_32_BIT_CONVERSION = YES;
				GCC_WARN_ABOUT_RETURN_TYPE = YES_ERROR;
				GCC_WARN_UNDECLARED_SELECTOR = YES;
				GCC_WARN_UNINITIALIZED_AUTOS = YES_AGGRESSIVE;
				GCC_WARN_UNUSED_FUNCTION = YES;
				GCC_WARN_UNUSED_VARIABLE = YES;
				IPHONEOS_DEPLOYMENT_TARGET = 13.0;
				MTL_ENABLE_DEBUG_INFO = NO;
				MTL_FAST_MATH = YES;
				SDKROOT = iphoneos;
				SWIFT_COMPILATION_MODE = wholemodule;
				SWIFT_OPTIMIZATION_LEVEL = "-O";
				VALIDATE_PRODUCT = YES;
			};
			name = Release;
		};
		3ABB86992666C80300311389 /* Debug */ = {
			isa = XCBuildConfiguration;
			baseConfigurationReference = 9E79E13B20D19D1784DA32A5 /* Pods-workout30.debug.xcconfig */;
			buildSettings = {
				ASSETCATALOG_COMPILER_APPICON_NAME = AppIcon;
				ASSETCATALOG_COMPILER_GLOBAL_ACCENT_COLOR_NAME = AccentColor;
				CODE_SIGN_STYLE = Automatic;
				DEVELOPMENT_TEAM = Z2NJSNZK65;
				INFOPLIST_FILE = workout30/Info.plist;
				LD_RUNPATH_SEARCH_PATHS = (
					"$(inherited)",
					"@executable_path/Frameworks",
				);
				PRODUCT_BUNDLE_IDENTIFIER = com.df.workout30;
				PRODUCT_NAME = "$(TARGET_NAME)";
				SWIFT_VERSION = 5.0;
				TARGETED_DEVICE_FAMILY = "1,2";
			};
			name = Debug;
		};
		3ABB869A2666C80300311389 /* Release */ = {
			isa = XCBuildConfiguration;
			baseConfigurationReference = 6412714615DAF6083FE22844 /* Pods-workout30.release.xcconfig */;
			buildSettings = {
				ASSETCATALOG_COMPILER_APPICON_NAME = AppIcon;
				ASSETCATALOG_COMPILER_GLOBAL_ACCENT_COLOR_NAME = AccentColor;
				CODE_SIGN_STYLE = Automatic;
				DEVELOPMENT_TEAM = Z2NJSNZK65;
				INFOPLIST_FILE = workout30/Info.plist;
				LD_RUNPATH_SEARCH_PATHS = (
					"$(inherited)",
					"@executable_path/Frameworks",
				);
				PRODUCT_BUNDLE_IDENTIFIER = com.df.workout30;
				PRODUCT_NAME = "$(TARGET_NAME)";
				SWIFT_VERSION = 5.0;
				TARGETED_DEVICE_FAMILY = "1,2";
			};
			name = Release;
		};
/* End XCBuildConfiguration section */

/* Begin XCConfigurationList section */
		3ABB867F2666C80200311389 /* Build configuration list for PBXProject "workout30" */ = {
			isa = XCConfigurationList;
			buildConfigurations = (
				3ABB86962666C80300311389 /* Debug */,
				3ABB86972666C80300311389 /* Release */,
			);
			defaultConfigurationIsVisible = 0;
			defaultConfigurationName = Release;
		};
		3ABB86982666C80300311389 /* Build configuration list for PBXNativeTarget "workout30" */ = {
			isa = XCConfigurationList;
			buildConfigurations = (
				3ABB86992666C80300311389 /* Debug */,
				3ABB869A2666C80300311389 /* Release */,
			);
			defaultConfigurationIsVisible = 0;
			defaultConfigurationName = Release;
		};
/* End XCConfigurationList section */
	};
	rootObject = 3ABB867C2666C80200311389 /* Project object */;
}
